
Microsoft Visual Studio Solution File, Format Version 12.00
# Visual Studio Version 17
VisualStudioVersion = 17.9.34701.34
MinimumVisualStudioVersion = 10.0.40219.1
Project("{9A19103F-16F7-4668-BE54-9A1E7A4F7556}") = "five_word.Library", "ClassLibrary\five_word.Library.csproj", "{BB56CFBE-E163-4979-BC20-02E71ADEF8D0}"
EndProject
Project("{9A19103F-16F7-4668-BE54-9A1E7A4F7556}") = "FiveLetters_Wpf", "FiveLetters_Wpf\FiveLetters_Wpf.csproj", "{D5CFC4AB-9324-425D-A1B6-BE445975F056}"
EndProject
Project("{9A19103F-16F7-4668-BE54-9A1E7A4F7556}") = "FiveWord_WinFormsApp", "FiveWord_WinFormsApp\FiveWord_WinFormsApp.csproj", "{8CCA56F7-9402-4E07-A3B1-0D40B4F367C5}"
EndProject
Project("{9A19103F-16F7-4668-BE54-9A1E7A4F7556}") = "five_word", "five_word\five_word.csproj", "{AF6EE0B1-F5AE-4C52-B176-134EB5400067}"
EndProject
Project("{9A19103F-16F7-4668-BE54-9A1E7A4F7556}") = "fiveletters.unittests", "fiveletters.unittests\fiveletters.unittests.csproj", "{B908279C-853E-4768-BB00-9D277F8AA8E2}"
EndProject
Global
	GlobalSection(SolutionConfigurationPlatforms) = preSolution
		Debug|Any CPU = Debug|Any CPU
		Release|Any CPU = Release|Any CPU
	EndGlobalSection
	GlobalSection(ProjectConfigurationPlatforms) = postSolution
		{BB56CFBE-E163-4979-BC20-02E71ADEF8D0}.Debug|Any CPU.ActiveCfg = Debug|Any CPU
		{BB56CFBE-E163-4979-BC20-02E71ADEF8D0}.Debug|Any CPU.Build.0 = Debug|Any CPU
		{BB56CFBE-E163-4979-BC20-02E71ADEF8D0}.Release|Any CPU.ActiveCfg = Release|Any CPU
		{BB56CFBE-E163-4979-BC20-02E71ADEF8D0}.Release|Any CPU.Build.0 = Release|Any CPU
		{D5CFC4AB-9324-425D-A1B6-BE445975F056}.Debug|Any CPU.ActiveCfg = Debug|Any CPU
		{D5CFC4AB-9324-425D-A1B6-BE445975F056}.Debug|Any CPU.Build.0 = Debug|Any CPU
		{D5CFC4AB-9324-425D-A1B6-BE445975F056}.Release|Any CPU.ActiveCfg = Release|Any CPU
		{D5CFC4AB-9324-425D-A1B6-BE445975F056}.Release|Any CPU.Build.0 = Release|Any CPU
		{8CCA56F7-9402-4E07-A3B1-0D40B4F367C5}.Debug|Any CPU.ActiveCfg = Debug|Any CPU
		{8CCA56F7-9402-4E07-A3B1-0D40B4F367C5}.Debug|Any CPU.Build.0 = Debug|Any CPU
		{8CCA56F7-9402-4E07-A3B1-0D40B4F367C5}.Release|Any CPU.ActiveCfg = Release|Any CPU
		{8CCA56F7-9402-4E07-A3B1-0D40B4F367C5}.Release|Any CPU.Build.0 = Release|Any CPU
		{AF6EE0B1-F5AE-4C52-B176-134EB5400067}.Debug|Any CPU.ActiveCfg = Debug|Any CPU
		{AF6EE0B1-F5AE-4C52-B176-134EB5400067}.Debug|Any CPU.Build.0 = Debug|Any CPU
		{AF6EE0B1-F5AE-4C52-B176-134EB5400067}.Release|Any CPU.ActiveCfg = Release|Any CPU
		{AF6EE0B1-F5AE-4C52-B176-134EB5400067}.Release|Any CPU.Build.0 = Release|Any CPU
		{B908279C-853E-4768-BB00-9D277F8AA8E2}.Debug|Any CPU.ActiveCfg = Debug|Any CPU
		{B908279C-853E-4768-BB00-9D277F8AA8E2}.Debug|Any CPU.Build.0 = Debug|Any CPU
		{B908279C-853E-4768-BB00-9D277F8AA8E2}.Release|Any CPU.ActiveCfg = Release|Any CPU
		{B908279C-853E-4768-BB00-9D277F8AA8E2}.Release|Any CPU.Build.0 = Release|Any CPU
	EndGlobalSection
	GlobalSection(SolutionProperties) = preSolution
		HideSolutionNode = FALSE
	EndGlobalSection
	GlobalSection(ExtensibilityGlobals) = postSolution
		SolutionGuid = {F8B3E585-C562-4C84-9306-6916ECBE138E}
	EndGlobalSection
EndGlobal
