
Microsoft Visual Studio Solution File, Format Version 12.00
# Visual Studio Version 17
VisualStudioVersion = 17.9.34701.34
MinimumVisualStudioVersion = 10.0.40219.1
Project("{FAE04EC0-301F-11D3-BF4B-00C04F79EFBC}") = "five_word", "five_word\five_word.csproj", "{B1188B30-A71C-4EA7-9C45-CAD393208B4A}"
EndProject
Global
	GlobalSection(SolutionConfigurationPlatforms) = preSolution
		Debug|Any CPU = Debug|Any CPU
		Release|Any CPU = Release|Any CPU
	EndGlobalSection
	GlobalSection(ProjectConfigurationPlatforms) = postSolution
		{B1188B30-A71C-4EA7-9C45-CAD393208B4A}.Debug|Any CPU.ActiveCfg = Debug|Any CPU
		{B1188B30-A71C-4EA7-9C45-CAD393208B4A}.Debug|Any CPU.Build.0 = Debug|Any CPU
		{B1188B30-A71C-4EA7-9C45-CAD393208B4A}.Release|Any CPU.ActiveCfg = Release|Any CPU
		{B1188B30-A71C-4EA7-9C45-CAD393208B4A}.Release|Any CPU.Build.0 = Release|Any CPU
	EndGlobalSection
	GlobalSection(SolutionProperties) = preSolution
		HideSolutionNode = FALSE
	EndGlobalSection
	GlobalSection(ExtensibilityGlobals) = postSolution
		SolutionGuid = {4E12030A-DA0A-4167-8552-C01B4AFD74C9}
	EndGlobalSection
EndGlobal
